# GENERATED FILE - DO NOT EDIT DIRECTLY
schema_version: 1

bundle:
  version: "0.9.4-dev"
  release_sequence: 0
  channel: "development"
  source_tree_digest: "sha256:ba597010d9403127df8c67102186ef40c546a08101d1a93201d17f8108deb520"
  digest: "sha256:12020fd6433653d350bca1bc3ee3f8b6a59c0bcbdef96ed2ed8d24480cff212b"

projection:
  input_digest: "sha256:a98dfaad78a7de617c0ff1bb7a088e93ba20135ee1c26545cd2665ccc56d3618"
  output_digest: "sha256:1f35d25857f6220a514c2f71d0de656c9bf6de270fab5d0cb15c5eb628caec60"
  files:
    - path: ".gds/compiled-policy.json"
      digest: "sha256:8cdeb569cde4badfe3ba739992b7f1fea4ff326ca9ad58b8aa475f4c46c44bce"
